
Microsoft Visual Studio Solution File, Format Version 12.00
# Visual Studio Version 16
VisualStudioVersion = 16.0.31229.75
MinimumVisualStudioVersion = 10.0.40219.1
Project("{FAE04EC0-301F-11D3-BF4B-00C04F79EFBC}") = "Assignment9", "Assignment9.csproj", "{A3BA80A7-0962-4D6F-8785-BD6C39A1FFFB}"
EndProject
Global
	GlobalSection(SolutionConfigurationPlatforms) = preSolution
		Debug|Any CPU = Debug|Any CPU
		Release|Any CPU = Release|Any CPU
	EndGlobalSection
	GlobalSection(ProjectConfigurationPlatforms) = postSolution
		{A3BA80A7-0962-4D6F-8785-BD6C39A1FFFB}.Debug|Any CPU.ActiveCfg = Debug|Any CPU
		{A3BA80A7-0962-4D6F-8785-BD6C39A1FFFB}.Debug|Any CPU.Build.0 = Debug|Any CPU
		{A3BA80A7-0962-4D6F-8785-BD6C39A1FFFB}.Release|Any CPU.ActiveCfg = Release|Any CPU
		{A3BA80A7-0962-4D6F-8785-BD6C39A1FFFB}.Release|Any CPU.Build.0 = Release|Any CPU
	EndGlobalSection
	GlobalSection(SolutionProperties) = preSolution
		HideSolutionNode = FALSE
	EndGlobalSection
	GlobalSection(ExtensibilityGlobals) = postSolution
		SolutionGuid = {B43F00AB-B651-48F7-9AC6-598AACEE6DFD}
	EndGlobalSection
EndGlobal
