
Microsoft Visual Studio Solution File, Format Version 12.00
# Visual Studio Version 16
VisualStudioVersion = 16.0.31702.278
MinimumVisualStudioVersion = 10.0.40219.1
Project("{FAE04EC0-301F-11D3-BF4B-00C04F79EFBC}") = "CarRentals", "CarRentals.csproj", "{FE6AFE37-C706-48AD-B794-C74A5F0D188D}"
EndProject
Global
	GlobalSection(SolutionConfigurationPlatforms) = preSolution
		Debug|Any CPU = Debug|Any CPU
		Release|Any CPU = Release|Any CPU
	EndGlobalSection
	GlobalSection(ProjectConfigurationPlatforms) = postSolution
		{FE6AFE37-C706-48AD-B794-C74A5F0D188D}.Debug|Any CPU.ActiveCfg = Debug|Any CPU
		{FE6AFE37-C706-48AD-B794-C74A5F0D188D}.Debug|Any CPU.Build.0 = Debug|Any CPU
		{FE6AFE37-C706-48AD-B794-C74A5F0D188D}.Release|Any CPU.ActiveCfg = Release|Any CPU
		{FE6AFE37-C706-48AD-B794-C74A5F0D188D}.Release|Any CPU.Build.0 = Release|Any CPU
	EndGlobalSection
	GlobalSection(SolutionProperties) = preSolution
		HideSolutionNode = FALSE
	EndGlobalSection
	GlobalSection(ExtensibilityGlobals) = postSolution
		SolutionGuid = {EE215B05-C02C-4890-A0D2-30BF49600B06}
	EndGlobalSection
EndGlobal
