
Microsoft Visual Studio Solution File, Format Version 12.00
# Visual Studio Version 16
VisualStudioVersion = 16.0.30204.135
MinimumVisualStudioVersion = 10.0.40219.1
Project("{8BC9CEB8-8B4A-11D0-8D11-00A0C91BC942}") = "Practice2", "Practice2.vcxproj", "{07EAA983-5C05-49A8-B76A-FF3E5EFFD21E}"
EndProject
Global
	GlobalSection(SolutionConfigurationPlatforms) = preSolution
		Debug|x64 = Debug|x64
		Release|x64 = Release|x64
	EndGlobalSection
	GlobalSection(ProjectConfigurationPlatforms) = postSolution
		{07EAA983-5C05-49A8-B76A-FF3E5EFFD21E}.Debug|x64.ActiveCfg = Debug|x64
		{07EAA983-5C05-49A8-B76A-FF3E5EFFD21E}.Debug|x64.Build.0 = Debug|x64
		{07EAA983-5C05-49A8-B76A-FF3E5EFFD21E}.Release|x64.ActiveCfg = Release|x64
		{07EAA983-5C05-49A8-B76A-FF3E5EFFD21E}.Release|x64.Build.0 = Release|x64
	EndGlobalSection
	GlobalSection(SolutionProperties) = preSolution
		HideSolutionNode = FALSE
	EndGlobalSection
	GlobalSection(ExtensibilityGlobals) = postSolution
		SolutionGuid = {D366050B-B973-455D-B55A-35A8353097EB}
	EndGlobalSection
EndGlobal
