
Microsoft Visual Studio Solution File, Format Version 12.00
# Visual Studio Version 16
VisualStudioVersion = 16.0.31313.79
MinimumVisualStudioVersion = 10.0.40219.1
Project("{FAE04EC0-301F-11D3-BF4B-00C04F79EFBC}") = "PracticalExamForms", "PracticalExamForms.csproj", "{10888B9C-F047-4BF4-A609-DF272EA07796}"
EndProject
Global
	GlobalSection(SolutionConfigurationPlatforms) = preSolution
		Debug|Any CPU = Debug|Any CPU
		Release|Any CPU = Release|Any CPU
	EndGlobalSection
	GlobalSection(ProjectConfigurationPlatforms) = postSolution
		{10888B9C-F047-4BF4-A609-DF272EA07796}.Debug|Any CPU.ActiveCfg = Debug|Any CPU
		{10888B9C-F047-4BF4-A609-DF272EA07796}.Debug|Any CPU.Build.0 = Debug|Any CPU
		{10888B9C-F047-4BF4-A609-DF272EA07796}.Release|Any CPU.ActiveCfg = Release|Any CPU
		{10888B9C-F047-4BF4-A609-DF272EA07796}.Release|Any CPU.Build.0 = Release|Any CPU
	EndGlobalSection
	GlobalSection(SolutionProperties) = preSolution
		HideSolutionNode = FALSE
	EndGlobalSection
	GlobalSection(ExtensibilityGlobals) = postSolution
		SolutionGuid = {E8D905BA-1D9E-4B89-ABA0-B33D2C4D2B0A}
	EndGlobalSection
EndGlobal
