
Microsoft Visual Studio Solution File, Format Version 12.00
# Visual Studio Version 16
VisualStudioVersion = 16.0.30204.135
MinimumVisualStudioVersion = 10.0.40219.1
Project("{8BC9CEB8-8B4A-11D0-8D11-00A0C91BC942}") = "PracticalExam", "PracticalExam.vcxproj", "{7E038837-F90D-4EC4-BCDD-06ECDB55E715}"
EndProject
Global
	GlobalSection(SolutionConfigurationPlatforms) = preSolution
		Debug|x64 = Debug|x64
		Release|x64 = Release|x64
	EndGlobalSection
	GlobalSection(ProjectConfigurationPlatforms) = postSolution
		{7E038837-F90D-4EC4-BCDD-06ECDB55E715}.Debug|x64.ActiveCfg = Debug|x64
		{7E038837-F90D-4EC4-BCDD-06ECDB55E715}.Debug|x64.Build.0 = Debug|x64
		{7E038837-F90D-4EC4-BCDD-06ECDB55E715}.Release|x64.ActiveCfg = Release|x64
		{7E038837-F90D-4EC4-BCDD-06ECDB55E715}.Release|x64.Build.0 = Release|x64
	EndGlobalSection
	GlobalSection(SolutionProperties) = preSolution
		HideSolutionNode = FALSE
	EndGlobalSection
	GlobalSection(ExtensibilityGlobals) = postSolution
		SolutionGuid = {1B6DEF72-48F4-4DEB-9D8C-68CF9754BAC6}
	EndGlobalSection
EndGlobal
